// !$*UTF8*$!
{
	archiveVersion = 1;
	classes = {
	};
	objectVersion = 46;
	objects = {

/* Begin PBXBuildFile section */
		2A0760191B9E5011007AB73E /* AppDelegate.swift in Sources */ = {isa = PBXBuildFile; fileRef = 2A0760181B9E5011007AB73E /* AppDelegate.swift */; };
		2A07601B1B9E5011007AB73E /* ViewController.swift in Sources */ = {isa = PBXBuildFile; fileRef = 2A07601A1B9E5011007AB73E /* ViewController.swift */; };
		2A07601E1B9E5011007AB73E /* Main.storyboard in Resources */ = {isa = PBXBuildFile; fileRef = 2A07601C1B9E5011007AB73E /* Main.storyboard */; };
		2A0760201B9E5011007AB73E /* Assets.xcassets in Resources */ = {isa = PBXBuildFile; fileRef = 2A07601F1B9E5011007AB73E /* Assets.xcassets */; };
		2A0760231B9E5011007AB73E /* LaunchScreen.storyboard in Resources */ = {isa = PBXBuildFile; fileRef = 2A0760211B9E5011007AB73E /* LaunchScreen.storyboard */; };
		2A07602E1B9E5011007AB73E /* TwipperAppTests.swift in Sources */ = {isa = PBXBuildFile; fileRef = 2A07602D1B9E5011007AB73E /* TwipperAppTests.swift */; };
		2A0760391B9E5011007AB73E /* TwipperAppUITests.swift in Sources */ = {isa = PBXBuildFile; fileRef = 2A0760381B9E5011007AB73E /* TwipperAppUITests.swift */; };
/* End PBXBuildFile section */

/* Begin PBXContainerItemProxy section */
		2A07602A1B9E5011007AB73E /* PBXContainerItemProxy */ = {
			isa = PBXContainerItemProxy;
			containerPortal = 2A07600D1B9E5011007AB73E /* Project object */;
			proxyType = 1;
			remoteGlobalIDString = 2A0760141B9E5011007AB73E;
			remoteInfo = TwipperApp;
		};
		2A0760351B9E5011007AB73E /* PBXContainerItemProxy */ = {
			isa = PBXContainerItemProxy;
			containerPortal = 2A07600D1B9E5011007AB73E /* Project object */;
			proxyType = 1;
			remoteGlobalIDString = 2A0760141B9E5011007AB73E;
			remoteInfo = TwipperApp;
		};
/* End PBXContainerItemProxy section */

/* Begin PBXFileReference section */
		2A0760151B9E5011007AB73E /* TwipperApp.app */ = {isa = PBXFileReference; explicitFileType = wrapper.application; includeInIndex = 0; path = TwipperApp.app; sourceTree = BUILT_PRODUCTS_DIR; };
		2A0760181B9E5011007AB73E /* AppDelegate.swift */ = {isa = PBXFileReference; lastKnownFileType = sourcecode.swift; path = AppDelegate.swift; sourceTree = "<group>"; };
		2A07601A1B9E5011007AB73E /* ViewController.swift */ = {isa = PBXFileReference; lastKnownFileType = sourcecode.swift; path = ViewController.swift; sourceTree = "<group>"; };
		2A07601D1B9E5011007AB73E /* Base */ = {isa = PBXFileReference; lastKnownFileType = file.storyboard; name = Base; path = Base.lproj/Main.storyboard; sourceTree = "<group>"; };
		2A07601F1B9E5011007AB73E /* Assets.xcassets */ = {isa = PBXFileReference; lastKnownFileType = folder.assetcatalog; path = Assets.xcassets; sourceTree = "<group>"; };
		2A0760221B9E5011007AB73E /* Base */ = {isa = PBXFileReference; lastKnownFileType = file.storyboard; name = Base; path = Base.lproj/LaunchScreen.storyboard; sourceTree = "<group>"; };
		2A0760241B9E5011007AB73E /* Info.plist */ = {isa = PBXFileReference; lastKnownFileType = text.plist.xml; path = Info.plist; sourceTree = "<group>"; };
		2A0760291B9E5011007AB73E /* TwipperAppTests.xctest */ = {isa = PBXFileReference; explicitFileType = wrapper.cfbundle; includeInIndex = 0; path = TwipperAppTests.xctest; sourceTree = BUILT_PRODUCTS_DIR; };
		2A07602D1B9E5011007AB73E /* TwipperAppTests.swift */ = {isa = PBXFileReference; lastKnownFileType = sourcecode.swift; path = TwipperAppTests.swift; sourceTree = "<group>"; };
		2A07602F1B9E5011007AB73E /* Info.plist */ = {isa = PBXFileReference; lastKnownFileType = text.plist.xml; path = Info.plist; sourceTree = "<group>"; };
		2A0760341B9E5011007AB73E /* TwipperAppUITests.xctest */ = {isa = PBXFileReference; explicitFileType = wrapper.cfbundle; includeInIndex = 0; path = TwipperAppUITests.xctest; sourceTree = BUILT_PRODUCTS_DIR; };
		2A0760381B9E5011007AB73E /* TwipperAppUITests.swift */ = {isa = PBXFileReference; lastKnownFileType = sourcecode.swift; path = TwipperAppUITests.swift; sourceTree = "<group>"; };
		2A07603A1B9E5011007AB73E /* Info.plist */ = {isa = PBXFileReference; lastKnownFileType = text.plist.xml; path = Info.plist; sourceTree = "<group>"; };
/* End PBXFileReference section */

/* Begin PBXFrameworksBuildPhase section */
		2A0760121B9E5011007AB73E /* Frameworks */ = {
			isa = PBXFrameworksBuildPhase;
			buildActionMask = 2147483647;
			files = (
			);
			runOnlyForDeploymentPostprocessing = 0;
		};
		2A0760261B9E5011007AB73E /* Frameworks */ = {
			isa = PBXFrameworksBuildPhase;
			buildActionMask = 2147483647;
			files = (
			);
			runOnlyForDeploymentPostprocessing = 0;
		};
		2A0760311B9E5011007AB73E /* Frameworks */ = {
			isa = PBXFrameworksBuildPhase;
			buildActionMask = 2147483647;
			files = (
			);
			runOnlyForDeploymentPostprocessing = 0;
		};
/* End PBXFrameworksBuildPhase section */

/* Begin PBXGroup section */
		2A07600C1B9E5011007AB73E = {
			isa = PBXGroup;
			children = (
				2A0760171B9E5011007AB73E /* TwipperApp */,
				2A07602C1B9E5011007AB73E /* TwipperAppTests */,
				2A0760371B9E5011007AB73E /* TwipperAppUITests */,
				2A0760161B9E5011007AB73E /* Products */,
			);
			sourceTree = "<group>";
		};
		2A0760161B9E5011007AB73E /* Products */ = {
			isa = PBXGroup;
			children = (
				2A0760151B9E5011007AB73E /* TwipperApp.app */,
				2A0760291B9E5011007AB73E /* TwipperAppTests.xctest */,
				2A0760341B9E5011007AB73E /* TwipperAppUITests.xctest */,
			);
			name = Products;
			sourceTree = "<group>";
		};
		2A0760171B9E5011007AB73E /* TwipperApp */ = {
			isa = PBXGroup;
			children = (
				2A0760181B9E5011007AB73E /* AppDelegate.swift */,
				2A07601A1B9E5011007AB73E /* ViewController.swift */,
				2A07601C1B9E5011007AB73E /* Main.storyboard */,
				2A07601F1B9E5011007AB73E /* Assets.xcassets */,
				2A0760211B9E5011007AB73E /* LaunchScreen.storyboard */,
				2A0760241B9E5011007AB73E /* Info.plist */,
			);
			path = TwipperApp;
			sourceTree = "<group>";
		};
		2A07602C1B9E5011007AB73E /* TwipperAppTests */ = {
			isa = PBXGroup;
			children = (
				2A07602D1B9E5011007AB73E /* TwipperAppTests.swift */,
				2A07602F1B9E5011007AB73E /* Info.plist */,
			);
			path = TwipperAppTests;
			sourceTree = "<group>";
		};
		2A0760371B9E5011007AB73E /* TwipperAppUITests */ = {
			isa = PBXGroup;
			children = (
				2A0760381B9E5011007AB73E /* TwipperAppUITests.swift */,
				2A07603A1B9E5011007AB73E /* Info.plist */,
			);
			path = TwipperAppUITests;
			sourceTree = "<group>";
		};
/* End PBXGroup section */

/* Begin PBXNativeTarget section */
		2A0760141B9E5011007AB73E /* TwipperApp */ = {
			isa = PBXNativeTarget;
			buildConfigurationList = 2A07603D1B9E5011007AB73E /* Build configuration list for PBXNativeTarget "TwipperApp" */;
			buildPhases = (
				2A0760111B9E5011007AB73E /* Sources */,
				2A0760121B9E5011007AB73E /* Frameworks */,
				2A0760131B9E5011007AB73E /* Resources */,
			);
			buildRules = (
			);
			dependencies = (
			);
			name = TwipperApp;
			productName = TwipperApp;
			productReference = 2A0760151B9E5011007AB73E /* TwipperApp.app */;
			productType = "com.apple.product-type.application";
		};
		2A0760281B9E5011007AB73E /* TwipperAppTests */ = {
			isa = PBXNativeTarget;
			buildConfigurationList = 2A0760401B9E5011007AB73E /* Build configuration list for PBXNativeTarget "TwipperAppTests" */;
			buildPhases = (
				2A0760251B9E5011007AB73E /* Sources */,
				2A0760261B9E5011007AB73E /* Frameworks */,
				2A0760271B9E5011007AB73E /* Resources */,
			);
			buildRules = (
			);
			dependencies = (
				2A07602B1B9E5011007AB73E /* PBXTargetDependency */,
			);
			name = TwipperAppTests;
			productName = TwipperAppTests;
			productReference = 2A0760291B9E5011007AB73E /* TwipperAppTests.xctest */;
			productType = "com.apple.product-type.bundle.unit-test";
		};
		2A0760331B9E5011007AB73E /* TwipperAppUITests */ = {
			isa = PBXNativeTarget;
			buildConfigurationList = 2A0760431B9E5011007AB73E /* Build configuration list for PBXNativeTarget "TwipperAppUITests" */;
			buildPhases = (
				2A0760301B9E5011007AB73E /* Sources */,
				2A0760311B9E5011007AB73E /* Frameworks */,
				2A0760321B9E5011007AB73E /* Resources */,
			);
			buildRules = (
			);
			dependencies = (
				2A0760361B9E5011007AB73E /* PBXTargetDependency */,
			);
			name = TwipperAppUITests;
			productName = TwipperAppUITests;
			productReference = 2A0760341B9E5011007AB73E /* TwipperAppUITests.xctest */;
			productType = "com.apple.product-type.bundle.ui-testing";
		};
/* End PBXNativeTarget section */

/* Begin PBXProject section */
		2A07600D1B9E5011007AB73E /* Project object */ = {
			isa = PBXProject;
			attributes = {
				LastUpgradeCheck = 0700;
				ORGANIZATIONNAME = "Vikash Loomba";
				TargetAttributes = {
					2A0760141B9E5011007AB73E = {
						CreatedOnToolsVersion = 7.0;
					};
					2A0760281B9E5011007AB73E = {
						CreatedOnToolsVersion = 7.0;
						TestTargetID = 2A0760141B9E5011007AB73E;
					};
					2A0760331B9E5011007AB73E = {
						CreatedOnToolsVersion = 7.0;
						TestTargetID = 2A0760141B9E5011007AB73E;
					};
				};
			};
			buildConfigurationList = 2A0760101B9E5011007AB73E /* Build configuration list for PBXProject "TwipperApp" */;
			compatibilityVersion = "Xcode 3.2";
			developmentRegion = English;
			hasScannedForEncodings = 0;
			knownRegions = (
				en,
				Base,
			);
			mainGroup = 2A07600C1B9E5011007AB73E;
			productRefGroup = 2A0760161B9E5011007AB73E /* Products */;
			projectDirPath = "";
			projectRoot = "";
			targets = (
				2A0760141B9E5011007AB73E /* TwipperApp */,
				2A0760281B9E5011007AB73E /* TwipperAppTests */,
				2A0760331B9E5011007AB73E /* TwipperAppUITests */,
			);
		};
/* End PBXProject section */

/* Begin PBXResourcesBuildPhase section */
		2A0760131B9E5011007AB73E /* Resources */ = {
			isa = PBXResourcesBuildPhase;
			buildActionMask = 2147483647;
			files = (
				2A0760231B9E5011007AB73E /* LaunchScreen.storyboard in Resources */,
				2A0760201B9E5011007AB73E /* Assets.xcassets in Resources */,
				2A07601E1B9E5011007AB73E /* Main.storyboard in Resources */,
			);
			runOnlyForDeploymentPostprocessing = 0;
		};
		2A0760271B9E5011007AB73E /* Resources */ = {
			isa = PBXResourcesBuildPhase;
			buildActionMask = 2147483647;
			files = (
			);
			runOnlyForDeploymentPostprocessing = 0;
		};
		2A0760321B9E5011007AB73E /* Resources */ = {
			isa = PBXResourcesBuildPhase;
			buildActionMask = 2147483647;
			files = (
			);
			runOnlyForDeploymentPostprocessing = 0;
		};
/* End PBXResourcesBuildPhase section */

/* Begin PBXSourcesBuildPhase section */
		2A0760111B9E5011007AB73E /* Sources */ = {
			isa = PBXSourcesBuildPhase;
			buildActionMask = 2147483647;
			files = (
				2A07601B1B9E5011007AB73E /* ViewController.swift in Sources */,
				2A0760191B9E5011007AB73E /* AppDelegate.swift in Sources */,
			);
			runOnlyForDeploymentPostprocessing = 0;
		};
		2A0760251B9E5011007AB73E /* Sources */ = {
			isa = PBXSourcesBuildPhase;
			buildActionMask = 2147483647;
			files = (
				2A07602E1B9E5011007AB73E /* TwipperAppTests.swift in Sources */,
			);
			runOnlyForDeploymentPostprocessing = 0;
		};
		2A0760301B9E5011007AB73E /* Sources */ = {
			isa = PBXSourcesBuildPhase;
			buildActionMask = 2147483647;
			files = (
				2A0760391B9E5011007AB73E /* TwipperAppUITests.swift in Sources */,
			);
			runOnlyForDeploymentPostprocessing = 0;
		};
/* End PBXSourcesBuildPhase section */

/* Begin PBXTargetDependency section */
		2A07602B1B9E5011007AB73E /* PBXTargetDependency */ = {
			isa = PBXTargetDependency;
			target = 2A0760141B9E5011007AB73E /* TwipperApp */;
			targetProxy = 2A07602A1B9E5011007AB73E /* PBXContainerItemProxy */;
		};
		2A0760361B9E5011007AB73E /* PBXTargetDependency */ = {
			isa = PBXTargetDependency;
			target = 2A0760141B9E5011007AB73E /* TwipperApp */;
			targetProxy = 2A0760351B9E5011007AB73E /* PBXContainerItemProxy */;
		};
/* End PBXTargetDependency section */

/* Begin PBXVariantGroup section */
		2A07601C1B9E5011007AB73E /* Main.storyboard */ = {
			isa = PBXVariantGroup;
			children = (
				2A07601D1B9E5011007AB73E /* Base */,
			);
			name = Main.storyboard;
			sourceTree = "<group>";
		};
		2A0760211B9E5011007AB73E /* LaunchScreen.storyboard */ = {
			isa = PBXVariantGroup;
			children = (
				2A0760221B9E5011007AB73E /* Base */,
			);
			name = LaunchScreen.storyboard;
			sourceTree = "<group>";
		};
/* End PBXVariantGroup section */

/* Begin XCBuildConfiguration section */
		2A07603B1B9E5011007AB73E /* Debug */ = {
			isa = XCBuildConfiguration;
			buildSettings = {
				ALWAYS_SEARCH_USER_PATHS = NO;
				CLANG_CXX_LANGUAGE_STANDARD = "gnu++0x";
				CLANG_CXX_LIBRARY = "libc++";
				CLANG_ENABLE_MODULES = YES;
				CLANG_ENABLE_OBJC_ARC = YES;
				CLANG_WARN_BOOL_CONVERSION = YES;
				CLANG_WARN_CONSTANT_CONVERSION = YES;
				CLANG_WARN_DIRECT_OBJC_ISA_USAGE = YES_ERROR;
				CLANG_WARN_EMPTY_BODY = YES;
				CLANG_WARN_ENUM_CONVERSION = YES;
				CLANG_WARN_INT_CONVERSION = YES;
				CLANG_WARN_OBJC_ROOT_CLASS = YES_ERROR;
				CLANG_WARN_UNREACHABLE_CODE = YES;
				CLANG_WARN__DUPLICATE_METHOD_MATCH = YES;
				"CODE_SIGN_IDENTITY[sdk=iphoneos*]" = "iPhone Developer";
				COPY_PHASE_STRIP = NO;
				DEBUG_INFORMATION_FORMAT = dwarf;
				ENABLE_STRICT_OBJC_MSGSEND = YES;
				ENABLE_TESTABILITY = YES;
				GCC_C_LANGUAGE_STANDARD = gnu99;
				GCC_DYNAMIC_NO_PIC = NO;
				GCC_NO_COMMON_BLOCKS = YES;
				GCC_OPTIMIZATION_LEVEL = 0;
				GCC_PREPROCESSOR_DEFINITIONS = (
					"DEBUG=1",
					"$(inherited)",
				);
				GCC_WARN_64_TO_32_BIT_CONVERSION = YES;
				GCC_WARN_ABOUT_RETURN_TYPE = YES_ERROR;
				GCC_WARN_UNDECLARED_SELECTOR = YES;
				GCC_WARN_UNINITIALIZED_AUTOS = YES_AGGRESSIVE;
				GCC_WARN_UNUSED_FUNCTION = YES;
				GCC_WARN_UNUSED_VARIABLE = YES;
				IPHONEOS_DEPLOYMENT_TARGET = 9.0;
				MTL_ENABLE_DEBUG_INFO = YES;
				ONLY_ACTIVE_ARCH = YES;
				SDKROOT = iphoneos;
				SWIFT_OPTIMIZATION_LEVEL = "-Onone";
				TARGETED_DEVICE_FAMILY = "1,2";
			};
			name = Debug;
		};
		2A07603C1B9E5011007AB73E /* Release */ = {
			isa = XCBuildConfiguration;
			buildSettings = {
				ALWAYS_SEARCH_USER_PATHS = NO;
				CLANG_CXX_LANGUAGE_STANDARD = "gnu++0x";
				CLANG_CXX_LIBRARY = "libc++";
				CLANG_ENABLE_MODULES = YES;
				CLANG_ENABLE_OBJC_ARC = YES;
				CLANG_WARN_BOOL_CONVERSION = YES;
				CLANG_WARN_CONSTANT_CONVERSION = YES;
				CLANG_WARN_DIRECT_OBJC_ISA_USAGE = YES_ERROR;
				CLANG_WARN_EMPTY_BODY = YES;
				CLANG_WARN_ENUM_CONVERSION = YES;
				CLANG_WARN_INT_CONVERSION = YES;
				CLANG_WARN_OBJC_ROOT_CLASS = YES_ERROR;
				CLANG_WARN_UNREACHABLE_CODE = YES;
				CLANG_WARN__DUPLICATE_METHOD_MATCH = YES;
				"CODE_SIGN_IDENTITY[sdk=iphoneos*]" = "iPhone Developer";
				COPY_PHASE_STRIP = NO;
				DEBUG_INFORMATION_FORMAT = "dwarf-with-dsym";
				ENABLE_NS_ASSERTIONS = NO;
				ENABLE_STRICT_OBJC_MSGSEND = YES;
				GCC_C_LANGUAGE_STANDARD = gnu99;
				GCC_NO_COMMON_BLOCKS = YES;
				GCC_WARN_64_TO_32_BIT_CONVERSION = YES;
				GCC_WARN_ABOUT_RETURN_TYPE = YES_ERROR;
				GCC_WARN_UNDECLARED_SELECTOR = YES;
				GCC_WARN_UNINITIALIZED_AUTOS = YES_AGGRESSIVE;
				GCC_WARN_UNUSED_FUNCTION = YES;
				GCC_WARN_UNUSED_VARIABLE = YES;
				IPHONEOS_DEPLOYMENT_TARGET = 9.0;
				MTL_ENABLE_DEBUG_INFO = NO;
				SDKROOT = iphoneos;
				TARGETED_DEVICE_FAMILY = "1,2";
				VALIDATE_PRODUCT = YES;
			};
			name = Release;
		};
		2A07603E1B9E5011007AB73E /* Debug */ = {
			isa = XCBuildConfiguration;
			buildSettings = {
				ASSETCATALOG_COMPILER_APPICON_NAME = AppIcon;
				INFOPLIST_FILE = TwipperApp/Info.plist;
				LD_RUNPATH_SEARCH_PATHS = "$(inherited) @executable_path/Frameworks";
				PRODUCT_BUNDLE_IDENTIFIER = com.vikashloomba.TwipperApp;
				PRODUCT_NAME = "$(TARGET_NAME)";
			};
			name = Debug;
		};
		2A07603F1B9E5011007AB73E /* Release */ = {
			isa = XCBuildConfiguration;
			buildSettings = {
				ASSETCATALOG_COMPILER_APPICON_NAME = AppIcon;
				INFOPLIST_FILE = TwipperApp/Info.plist;
				LD_RUNPATH_SEARCH_PATHS = "$(inherited) @executable_path/Frameworks";
				PRODUCT_BUNDLE_IDENTIFIER = com.vikashloomba.TwipperApp;
				PRODUCT_NAME = "$(TARGET_NAME)";
			};
			name = Release;
		};
		2A0760411B9E5011007AB73E /* Debug */ = {
			isa = XCBuildConfiguration;
			buildSettings = {
				BUNDLE_LOADER = "$(TEST_HOST)";
				INFOPLIST_FILE = TwipperAppTests/Info.plist;
				LD_RUNPATH_SEARCH_PATHS = "$(inherited) @executable_path/Frameworks @loader_path/Frameworks";
				PRODUCT_BUNDLE_IDENTIFIER = com.vikashloomba.TwipperAppTests;
				PRODUCT_NAME = "$(TARGET_NAME)";
				TEST_HOST = "$(BUILT_PRODUCTS_DIR)/TwipperApp.app/TwipperApp";
			};
			name = Debug;
		};
		2A0760421B9E5011007AB73E /* Release */ = {
			isa = XCBuildConfiguration;
			buildSettings = {
				BUNDLE_LOADER = "$(TEST_HOST)";
				INFOPLIST_FILE = TwipperAppTests/Info.plist;
				LD_RUNPATH_SEARCH_PATHS = "$(inherited) @executable_path/Frameworks @loader_path/Frameworks";
				PRODUCT_BUNDLE_IDENTIFIER = com.vikashloomba.TwipperAppTests;
				PRODUCT_NAME = "$(TARGET_NAME)";
				TEST_HOST = "$(BUILT_PRODUCTS_DIR)/TwipperApp.app/TwipperApp";
			};
			name = Release;
		};
		2A0760441B9E5011007AB73E /* Debug */ = {
			isa = XCBuildConfiguration;
			buildSettings = {
				INFOPLIST_FILE = TwipperAppUITests/Info.plist;
				LD_RUNPATH_SEARCH_PATHS = "$(inherited) @executable_path/Frameworks @loader_path/Frameworks";
				PRODUCT_BUNDLE_IDENTIFIER = com.vikashloomba.TwipperAppUITests;
				PRODUCT_NAME = "$(TARGET_NAME)";
				TEST_TARGET_NAME = TwipperApp;
				USES_XCTRUNNER = YES;
			};
			name = Debug;
		};
		2A0760451B9E5011007AB73E /* Release */ = {
			isa = XCBuildConfiguration;
			buildSettings = {
				INFOPLIST_FILE = TwipperAppUITests/Info.plist;
				LD_RUNPATH_SEARCH_PATHS = "$(inherited) @executable_path/Frameworks @loader_path/Frameworks";
				PRODUCT_BUNDLE_IDENTIFIER = com.vikashloomba.TwipperAppUITests;
				PRODUCT_NAME = "$(TARGET_NAME)";
				TEST_TARGET_NAME = TwipperApp;
				USES_XCTRUNNER = YES;
			};
			name = Release;
		};
/* End XCBuildConfiguration section */

/* Begin XCConfigurationList section */
		2A0760101B9E5011007AB73E /* Build configuration list for PBXProject "TwipperApp" */ = {
			isa = XCConfigurationList;
			buildConfigurations = (
				2A07603B1B9E5011007AB73E /* Debug */,
				2A07603C1B9E5011007AB73E /* Release */,
			);
			defaultConfigurationIsVisible = 0;
			defaultConfigurationName = Release;
		};
		2A07603D1B9E5011007AB73E /* Build configuration list for PBXNativeTarget "TwipperApp" */ = {
			isa = XCConfigurationList;
			buildConfigurations = (
				2A07603E1B9E5011007AB73E /* Debug */,
				2A07603F1B9E5011007AB73E /* Release */,
			);
			defaultConfigurationIsVisible = 0;
		};
		2A0760401B9E5011007AB73E /* Build configuration list for PBXNativeTarget "TwipperAppTests" */ = {
			isa = XCConfigurationList;
			buildConfigurations = (
				2A0760411B9E5011007AB73E /* Debug */,
				2A0760421B9E5011007AB73E /* Release */,
			);
			defaultConfigurationIsVisible = 0;
		};
		2A0760431B9E5011007AB73E /* Build configuration list for PBXNativeTarget "TwipperAppUITests" */ = {
			isa = XCConfigurationList;
			buildConfigurations = (
				2A0760441B9E5011007AB73E /* Debug */,
				2A0760451B9E5011007AB73E /* Release */,
			);
			defaultConfigurationIsVisible = 0;
		};
/* End XCConfigurationList section */
	};
	rootObject = 2A07600D1B9E5011007AB73E /* Project object */;
}
